{
  "name": "StratigixVantage",
  "lockfileVersion": 3,
  "requires": true,
  "packages": {
    "": {
      "dependencies": {
        "responsive-bp": "^4.1.4"
      }
    },
    "node_modules/jquery": {
      "version": "3.7.1",
      "resolved": "https://registry.npmjs.org/jquery/-/jquery-3.7.1.tgz",
      "integrity": "sha512-m4avr8yL8kmFN8psrbFFFmB/If14iN5o9nw/NgnnM+kybDJpRsAynV2BsfpTYrTRysYUdADVD7CkUUizgkpLfg=="
    },
    "node_modules/responsive-bp": {
      "version": "4.1.4",
      "resolved": "https://registry.npmjs.org/responsive-bp/-/responsive-bp-4.1.4.tgz",
      "integrity": "sha512-GnHmN566eS8UPIZfrba69pFk7CRvCAN1AgZfDHyS7LI1082uyAoTt2cg41pt2FmAYMraZ53WRq0sA8GQqv3Q5Q==",
      "dependencies": {
        "jquery": ">=2.1.4"
      }
    }
  }
}
